
Microsoft Visual Studio Solution File, Format Version 12.00
# Visual Studio Version 17
VisualStudioVersion = 17.3.32611.2
MinimumVisualStudioVersion = 10.0.40219.1
Project("{2150E333-8FDC-42A3-9474-1A3956D46DE8}") = "main", "main", "{88E6B14F-7089-47E3-B21A-61526A4A70E0}"
EndProject
Project("{9A19103F-16F7-4668-BE54-9A1E7A4F7556}") = "OneS", "main\OneS\OneS.csproj", "{FEC9A372-42AD-446D-8755-F616A02F13D4}"
EndProject
Project("{2150E333-8FDC-42A3-9474-1A3956D46DE8}") = "解决方案项", "解决方案项", "{95F835CB-BD4D-42BA-9265-41A454A900A0}"
	ProjectSection(SolutionItems) = preProject
		.editorconfig = .editorconfig
		common.main.props = common.main.props
		common.props = common.props
		common.test.benchmark.props = common.test.benchmark.props
		common.test.props = common.test.props
		common.xunit.props = common.xunit.props
		Directory.build.props = Directory.build.props
		global.json = global.json
		README.md = README.md
	EndProjectSection
EndProject
Project("{2150E333-8FDC-42A3-9474-1A3956D46DE8}") = "mediate", "mediate", "{7D108051-C9E0-4028-BC0E-26BEDC39738B}"
EndProject
Project("{9A19103F-16F7-4668-BE54-9A1E7A4F7556}") = "OneS.MediateS", "mediate\OneS.MediateS\OneS.MediateS.csproj", "{BC45E5A2-BE40-4563-B7F8-F41EBE1D89D6}"
EndProject
Project("{9A19103F-16F7-4668-BE54-9A1E7A4F7556}") = "OneS.MediateS.Cli", "mediate\OneS.MediateS.Cli\OneS.MediateS.Cli.csproj", "{C2D9B638-418B-4C92-9FDC-5D4E263DE7CB}"
EndProject
Project("{9A19103F-16F7-4668-BE54-9A1E7A4F7556}") = "OneS.MediateS.Cli.Test", "mediate\OneS.MediateS.Cli.Test\OneS.MediateS.Cli.Test.csproj", "{177B2556-3FC0-41DD-B26B-9B491CC62668}"
EndProject
Project("{2150E333-8FDC-42A3-9474-1A3956D46DE8}") = "hub", "hub", "{83F8DD11-D153-426B-A48D-40AC3BCCA4A1}"
EndProject
Project("{FAE04EC0-301F-11D3-BF4B-00C04F79EFBC}") = "OneS.HubS.Abstractions", "hub\OneS.HubS.Abstractions\OneS.HubS.Abstractions.csproj", "{F9D74FC0-DA63-49B0-AA51-740DE3BCDEA8}"
EndProject
Project("{FAE04EC0-301F-11D3-BF4B-00C04F79EFBC}") = "OneS.MediateS.Abstractions", "mediate\OneS.MediateS.Abstractions\OneS.MediateS.Abstractions.csproj", "{8410D3EE-8FAD-4936-9D55-5BF4CF176FFB}"
EndProject
Project("{2150E333-8FDC-42A3-9474-1A3956D46DE8}") = "config", "config", "{9BC26C3F-915F-488B-A19A-CD4A6139594C}"
EndProject
Project("{FAE04EC0-301F-11D3-BF4B-00C04F79EFBC}") = "OneS.ConfigS.Abstractions", "config\OneS.ConfigS.Abstractions\OneS.ConfigS.Abstractions.csproj", "{4E83D49B-E9AA-4DCD-AF00-F23CA29BCD39}"
EndProject
Project("{FAE04EC0-301F-11D3-BF4B-00C04F79EFBC}") = "OneS.MediateS.Client", "mediate\OneS.MediateS.Client\OneS.MediateS.Client.csproj", "{0ADD9E4E-B68F-48FF-BDB3-D01311EE31BE}"
EndProject
Project("{FAE04EC0-301F-11D3-BF4B-00C04F79EFBC}") = "OneS.MediateS.Server", "mediate\OneS.MediateS.Server\OneS.MediateS.Server.csproj", "{FB53F0E5-6415-4CDA-9A7C-BCBBD9C974D4}"
EndProject
Project("{FAE04EC0-301F-11D3-BF4B-00C04F79EFBC}") = "OneS.HubS.GrpcService", "hub\OneS.HubS.GrpcService\OneS.HubS.GrpcService.csproj", "{3149460B-867F-4DB8-ADC0-D8AFB6BE6E7B}"
EndProject
Project("{FAE04EC0-301F-11D3-BF4B-00C04F79EFBC}") = "OneS.MdeiateS.Console", "mediate\OneS.MdeiateS.Console\OneS.MdeiateS.Console.csproj", "{935084B2-7F7F-4ECC-A7CD-A0FD2B823BE6}"
EndProject
Global
	GlobalSection(SolutionConfigurationPlatforms) = preSolution
		Debug|Any CPU = Debug|Any CPU
		Release|Any CPU = Release|Any CPU
	EndGlobalSection
	GlobalSection(ProjectConfigurationPlatforms) = postSolution
		{FEC9A372-42AD-446D-8755-F616A02F13D4}.Debug|Any CPU.ActiveCfg = Debug|Any CPU
		{FEC9A372-42AD-446D-8755-F616A02F13D4}.Debug|Any CPU.Build.0 = Debug|Any CPU
		{FEC9A372-42AD-446D-8755-F616A02F13D4}.Release|Any CPU.ActiveCfg = Release|Any CPU
		{FEC9A372-42AD-446D-8755-F616A02F13D4}.Release|Any CPU.Build.0 = Release|Any CPU
		{BC45E5A2-BE40-4563-B7F8-F41EBE1D89D6}.Debug|Any CPU.ActiveCfg = Debug|Any CPU
		{BC45E5A2-BE40-4563-B7F8-F41EBE1D89D6}.Debug|Any CPU.Build.0 = Debug|Any CPU
		{BC45E5A2-BE40-4563-B7F8-F41EBE1D89D6}.Release|Any CPU.ActiveCfg = Release|Any CPU
		{BC45E5A2-BE40-4563-B7F8-F41EBE1D89D6}.Release|Any CPU.Build.0 = Release|Any CPU
		{C2D9B638-418B-4C92-9FDC-5D4E263DE7CB}.Debug|Any CPU.ActiveCfg = Debug|Any CPU
		{C2D9B638-418B-4C92-9FDC-5D4E263DE7CB}.Debug|Any CPU.Build.0 = Debug|Any CPU
		{C2D9B638-418B-4C92-9FDC-5D4E263DE7CB}.Release|Any CPU.ActiveCfg = Release|Any CPU
		{C2D9B638-418B-4C92-9FDC-5D4E263DE7CB}.Release|Any CPU.Build.0 = Release|Any CPU
		{177B2556-3FC0-41DD-B26B-9B491CC62668}.Debug|Any CPU.ActiveCfg = Debug|Any CPU
		{177B2556-3FC0-41DD-B26B-9B491CC62668}.Debug|Any CPU.Build.0 = Debug|Any CPU
		{177B2556-3FC0-41DD-B26B-9B491CC62668}.Release|Any CPU.ActiveCfg = Release|Any CPU
		{177B2556-3FC0-41DD-B26B-9B491CC62668}.Release|Any CPU.Build.0 = Release|Any CPU
		{F9D74FC0-DA63-49B0-AA51-740DE3BCDEA8}.Debug|Any CPU.ActiveCfg = Debug|Any CPU
		{F9D74FC0-DA63-49B0-AA51-740DE3BCDEA8}.Debug|Any CPU.Build.0 = Debug|Any CPU
		{F9D74FC0-DA63-49B0-AA51-740DE3BCDEA8}.Release|Any CPU.ActiveCfg = Release|Any CPU
		{F9D74FC0-DA63-49B0-AA51-740DE3BCDEA8}.Release|Any CPU.Build.0 = Release|Any CPU
		{8410D3EE-8FAD-4936-9D55-5BF4CF176FFB}.Debug|Any CPU.ActiveCfg = Debug|Any CPU
		{8410D3EE-8FAD-4936-9D55-5BF4CF176FFB}.Debug|Any CPU.Build.0 = Debug|Any CPU
		{8410D3EE-8FAD-4936-9D55-5BF4CF176FFB}.Release|Any CPU.ActiveCfg = Release|Any CPU
		{8410D3EE-8FAD-4936-9D55-5BF4CF176FFB}.Release|Any CPU.Build.0 = Release|Any CPU
		{4E83D49B-E9AA-4DCD-AF00-F23CA29BCD39}.Debug|Any CPU.ActiveCfg = Debug|Any CPU
		{4E83D49B-E9AA-4DCD-AF00-F23CA29BCD39}.Debug|Any CPU.Build.0 = Debug|Any CPU
		{4E83D49B-E9AA-4DCD-AF00-F23CA29BCD39}.Release|Any CPU.ActiveCfg = Release|Any CPU
		{4E83D49B-E9AA-4DCD-AF00-F23CA29BCD39}.Release|Any CPU.Build.0 = Release|Any CPU
		{0ADD9E4E-B68F-48FF-BDB3-D01311EE31BE}.Debug|Any CPU.ActiveCfg = Debug|Any CPU
		{0ADD9E4E-B68F-48FF-BDB3-D01311EE31BE}.Debug|Any CPU.Build.0 = Debug|Any CPU
		{0ADD9E4E-B68F-48FF-BDB3-D01311EE31BE}.Release|Any CPU.ActiveCfg = Release|Any CPU
		{0ADD9E4E-B68F-48FF-BDB3-D01311EE31BE}.Release|Any CPU.Build.0 = Release|Any CPU
		{FB53F0E5-6415-4CDA-9A7C-BCBBD9C974D4}.Debug|Any CPU.ActiveCfg = Debug|Any CPU
		{FB53F0E5-6415-4CDA-9A7C-BCBBD9C974D4}.Debug|Any CPU.Build.0 = Debug|Any CPU
		{FB53F0E5-6415-4CDA-9A7C-BCBBD9C974D4}.Release|Any CPU.ActiveCfg = Release|Any CPU
		{FB53F0E5-6415-4CDA-9A7C-BCBBD9C974D4}.Release|Any CPU.Build.0 = Release|Any CPU
		{3149460B-867F-4DB8-ADC0-D8AFB6BE6E7B}.Debug|Any CPU.ActiveCfg = Debug|Any CPU
		{3149460B-867F-4DB8-ADC0-D8AFB6BE6E7B}.Debug|Any CPU.Build.0 = Debug|Any CPU
		{3149460B-867F-4DB8-ADC0-D8AFB6BE6E7B}.Release|Any CPU.ActiveCfg = Release|Any CPU
		{3149460B-867F-4DB8-ADC0-D8AFB6BE6E7B}.Release|Any CPU.Build.0 = Release|Any CPU
		{935084B2-7F7F-4ECC-A7CD-A0FD2B823BE6}.Debug|Any CPU.ActiveCfg = Debug|Any CPU
		{935084B2-7F7F-4ECC-A7CD-A0FD2B823BE6}.Debug|Any CPU.Build.0 = Debug|Any CPU
		{935084B2-7F7F-4ECC-A7CD-A0FD2B823BE6}.Release|Any CPU.ActiveCfg = Release|Any CPU
		{935084B2-7F7F-4ECC-A7CD-A0FD2B823BE6}.Release|Any CPU.Build.0 = Release|Any CPU
	EndGlobalSection
	GlobalSection(SolutionProperties) = preSolution
		HideSolutionNode = FALSE
	EndGlobalSection
	GlobalSection(NestedProjects) = preSolution
		{FEC9A372-42AD-446D-8755-F616A02F13D4} = {88E6B14F-7089-47E3-B21A-61526A4A70E0}
		{BC45E5A2-BE40-4563-B7F8-F41EBE1D89D6} = {7D108051-C9E0-4028-BC0E-26BEDC39738B}
		{C2D9B638-418B-4C92-9FDC-5D4E263DE7CB} = {7D108051-C9E0-4028-BC0E-26BEDC39738B}
		{177B2556-3FC0-41DD-B26B-9B491CC62668} = {7D108051-C9E0-4028-BC0E-26BEDC39738B}
		{F9D74FC0-DA63-49B0-AA51-740DE3BCDEA8} = {83F8DD11-D153-426B-A48D-40AC3BCCA4A1}
		{8410D3EE-8FAD-4936-9D55-5BF4CF176FFB} = {7D108051-C9E0-4028-BC0E-26BEDC39738B}
		{4E83D49B-E9AA-4DCD-AF00-F23CA29BCD39} = {9BC26C3F-915F-488B-A19A-CD4A6139594C}
		{0ADD9E4E-B68F-48FF-BDB3-D01311EE31BE} = {7D108051-C9E0-4028-BC0E-26BEDC39738B}
		{FB53F0E5-6415-4CDA-9A7C-BCBBD9C974D4} = {7D108051-C9E0-4028-BC0E-26BEDC39738B}
		{3149460B-867F-4DB8-ADC0-D8AFB6BE6E7B} = {83F8DD11-D153-426B-A48D-40AC3BCCA4A1}
		{935084B2-7F7F-4ECC-A7CD-A0FD2B823BE6} = {7D108051-C9E0-4028-BC0E-26BEDC39738B}
	EndGlobalSection
	GlobalSection(ExtensibilityGlobals) = postSolution
		SolutionGuid = {946C2C50-1E64-40B1-981E-0B1FBCEB8787}
	EndGlobalSection
EndGlobal
